
Microsoft Visual Studio Solution File, Format Version 12.00
# Visual Studio Version 17
VisualStudioVersion = 17.0.31903.59
MinimumVisualStudioVersion = 10.0.40219.1
Project("{2150E333-8FDC-42A3-9474-1A3956D46DE8}") = "remoteiq-minimal-e2e", "remoteiq-minimal-e2e", "{ACFB75CA-B191-47D8-B8CB-DB3A1E459FE9}"
EndProject
Project("{2150E333-8FDC-42A3-9474-1A3956D46DE8}") = "agent-windows", "agent-windows", "{F712E324-2E53-44DF-8E45-51BF37A56323}"
EndProject
Project("{FAE04EC0-301F-11D3-BF4B-00C04F79EFBC}") = "RemoteIQ.Agent", "remoteiq-minimal-e2e\agent-windows\RemoteIQ.Agent\RemoteIQ.Agent.csproj", "{A8196C66-75D5-4CE9-9119-FA6FAD09736C}"
EndProject
Global
	GlobalSection(SolutionConfigurationPlatforms) = preSolution
		Debug|Any CPU = Debug|Any CPU
		Release|Any CPU = Release|Any CPU
	EndGlobalSection
	GlobalSection(SolutionProperties) = preSolution
		HideSolutionNode = FALSE
	EndGlobalSection
	GlobalSection(ProjectConfigurationPlatforms) = postSolution
		{A8196C66-75D5-4CE9-9119-FA6FAD09736C}.Debug|Any CPU.ActiveCfg = Debug|Any CPU
		{A8196C66-75D5-4CE9-9119-FA6FAD09736C}.Debug|Any CPU.Build.0 = Debug|Any CPU
		{A8196C66-75D5-4CE9-9119-FA6FAD09736C}.Release|Any CPU.ActiveCfg = Release|Any CPU
		{A8196C66-75D5-4CE9-9119-FA6FAD09736C}.Release|Any CPU.Build.0 = Release|Any CPU
	EndGlobalSection
	GlobalSection(NestedProjects) = preSolution
		{F712E324-2E53-44DF-8E45-51BF37A56323} = {ACFB75CA-B191-47D8-B8CB-DB3A1E459FE9}
		{A8196C66-75D5-4CE9-9119-FA6FAD09736C} = {F712E324-2E53-44DF-8E45-51BF37A56323}
	EndGlobalSection
EndGlobal
